
Microsoft Visual Studio Solution File, Format Version 12.00
# Visual Studio Version 17
VisualStudioVersion = 17.14.37216.2 d17.14
MinimumVisualStudioVersion = 10.0.40219.1
Project("{FAE04EC0-301F-11D3-BF4B-00C04F79EFBC}") = "The Evil Spirit", "The Evil Spirit\The Evil Spirit.csproj", "{616FE175-0194-4D5C-8D7F-BB926843BA4F}"
EndProject
Global
	GlobalSection(SolutionConfigurationPlatforms) = preSolution
		Debug|Any CPU = Debug|Any CPU
		Release|Any CPU = Release|Any CPU
	EndGlobalSection
	GlobalSection(ProjectConfigurationPlatforms) = postSolution
		{616FE175-0194-4D5C-8D7F-BB926843BA4F}.Debug|Any CPU.ActiveCfg = Debug|Any CPU
		{616FE175-0194-4D5C-8D7F-BB926843BA4F}.Debug|Any CPU.Build.0 = Debug|Any CPU
		{616FE175-0194-4D5C-8D7F-BB926843BA4F}.Release|Any CPU.ActiveCfg = Release|Any CPU
		{616FE175-0194-4D5C-8D7F-BB926843BA4F}.Release|Any CPU.Build.0 = Release|Any CPU
	EndGlobalSection
	GlobalSection(SolutionProperties) = preSolution
		HideSolutionNode = FALSE
	EndGlobalSection
	GlobalSection(ExtensibilityGlobals) = postSolution
		SolutionGuid = {7379B949-52D7-421E-B5FC-44B9E59AC4D9}
	EndGlobalSection
EndGlobal
